
Microsoft Visual Studio Solution File, Format Version 12.00
# Visual Studio Version 17
VisualStudioVersion = 17.14.36127.28 d17.14
MinimumVisualStudioVersion = 10.0.40219.1
Project("{2150E333-8FDC-42A3-9474-1A3956D46DE8}") = "Core", "Core", "{02EA681E-C7D8-13C7-8484-4AC65E1B71E8}"
EndProject
Project("{2150E333-8FDC-42A3-9474-1A3956D46DE8}") = "Infrastructure", "Infrastructure", "{E63FD16F-AD14-45AA-A356-B1AF59CA361A}"
EndProject
Project("{2150E333-8FDC-42A3-9474-1A3956D46DE8}") = "Presentation", "Presentation", "{A5BC2D62-C0E3-4BF0-9068-83BC2FBD8169}"
EndProject
Project("{FAE04EC0-301F-11D3-BF4B-00C04F79EFBC}") = "Domain", "Domain\Domain.csproj", "{AC1BFACA-A91D-465D-8C61-21A43F759BDE}"
EndProject
Project("{FAE04EC0-301F-11D3-BF4B-00C04F79EFBC}") = "Application", "Application\Application.csproj", "{AD2C383F-8BDB-4C96-BD86-A8C53C4422E0}"
EndProject
Project("{FAE04EC0-301F-11D3-BF4B-00C04F79EFBC}") = "Infrastructure", "Infrastructure\Infrastructure.csproj", "{C34E09BD-639C-4E4E-BD68-04C8C03D3182}"
EndProject
Project("{FAE04EC0-301F-11D3-BF4B-00C04F79EFBC}") = "API", "API\API.csproj", "{AD5442A9-1193-41BA-9E59-E51A62F65E83}"
EndProject
Global
	GlobalSection(SolutionConfigurationPlatforms) = preSolution
		Debug|Any CPU = Debug|Any CPU
		Release|Any CPU = Release|Any CPU
	EndGlobalSection
	GlobalSection(ProjectConfigurationPlatforms) = postSolution
		{AC1BFACA-A91D-465D-8C61-21A43F759BDE}.Debug|Any CPU.ActiveCfg = Debug|Any CPU
		{AC1BFACA-A91D-465D-8C61-21A43F759BDE}.Debug|Any CPU.Build.0 = Debug|Any CPU
		{AC1BFACA-A91D-465D-8C61-21A43F759BDE}.Release|Any CPU.ActiveCfg = Release|Any CPU
		{AC1BFACA-A91D-465D-8C61-21A43F759BDE}.Release|Any CPU.Build.0 = Release|Any CPU
		{AD2C383F-8BDB-4C96-BD86-A8C53C4422E0}.Debug|Any CPU.ActiveCfg = Debug|Any CPU
		{AD2C383F-8BDB-4C96-BD86-A8C53C4422E0}.Debug|Any CPU.Build.0 = Debug|Any CPU
		{AD2C383F-8BDB-4C96-BD86-A8C53C4422E0}.Release|Any CPU.ActiveCfg = Release|Any CPU
		{AD2C383F-8BDB-4C96-BD86-A8C53C4422E0}.Release|Any CPU.Build.0 = Release|Any CPU
		{C34E09BD-639C-4E4E-BD68-04C8C03D3182}.Debug|Any CPU.ActiveCfg = Debug|Any CPU
		{C34E09BD-639C-4E4E-BD68-04C8C03D3182}.Debug|Any CPU.Build.0 = Debug|Any CPU
		{C34E09BD-639C-4E4E-BD68-04C8C03D3182}.Release|Any CPU.ActiveCfg = Release|Any CPU
		{C34E09BD-639C-4E4E-BD68-04C8C03D3182}.Release|Any CPU.Build.0 = Release|Any CPU
		{AD5442A9-1193-41BA-9E59-E51A62F65E83}.Debug|Any CPU.ActiveCfg = Debug|Any CPU
		{AD5442A9-1193-41BA-9E59-E51A62F65E83}.Debug|Any CPU.Build.0 = Debug|Any CPU
		{AD5442A9-1193-41BA-9E59-E51A62F65E83}.Release|Any CPU.ActiveCfg = Release|Any CPU
		{AD5442A9-1193-41BA-9E59-E51A62F65E83}.Release|Any CPU.Build.0 = Release|Any CPU
	EndGlobalSection
	GlobalSection(SolutionProperties) = preSolution
		HideSolutionNode = FALSE
	EndGlobalSection
	GlobalSection(NestedProjects) = preSolution
		{AC1BFACA-A91D-465D-8C61-21A43F759BDE} = {02EA681E-C7D8-13C7-8484-4AC65E1B71E8}
		{AD2C383F-8BDB-4C96-BD86-A8C53C4422E0} = {02EA681E-C7D8-13C7-8484-4AC65E1B71E8}
		{C34E09BD-639C-4E4E-BD68-04C8C03D3182} = {E63FD16F-AD14-45AA-A356-B1AF59CA361A}
		{AD5442A9-1193-41BA-9E59-E51A62F65E83} = {A5BC2D62-C0E3-4BF0-9068-83BC2FBD8169}
	EndGlobalSection
	GlobalSection(ExtensibilityGlobals) = postSolution
		SolutionGuid = {95D9E51A-5D59-42D2-93F6-29CFFC052032}
	EndGlobalSection
EndGlobal
